
Microsoft Visual Studio Solution File, Format Version 12.00
# Visual Studio 15
VisualStudioVersion = 15.0.26730.12
MinimumVisualStudioVersion = 10.0.40219.1
Project("{FAE04EC0-301F-11D3-BF4B-00C04F79EFBC}") = "Interface", "ConsoleApp1\Interface.csproj", "{74745870-5E76-4B4C-A2EA-579EEA6411E4}"
EndProject
Project("{FAE04EC0-301F-11D3-BF4B-00C04F79EFBC}") = "Polimorphism", "Polimorphism\Polimorphism.csproj", "{2C0DA896-5444-4333-9F0E-E7D7EC4E0E61}"
EndProject
Project("{FAE04EC0-301F-11D3-BF4B-00C04F79EFBC}") = "Delegate", "Delegate\Delegate.csproj", "{B81A2855-87B4-4304-8BE0-920AE5DD7A28}"
EndProject
Project("{FAE04EC0-301F-11D3-BF4B-00C04F79EFBC}") = "Generic", "Generic\Generic.csproj", "{C7C37BD1-94A7-4770-A51E-147D65BAAA19}"
EndProject
Project("{FAE04EC0-301F-11D3-BF4B-00C04F79EFBC}") = "Inheritance", "Inheritance\Inheritance.csproj", "{8325093F-932D-415C-BA75-76966B5AE758}"
EndProject
Project("{FAE04EC0-301F-11D3-BF4B-00C04F79EFBC}") = "LINQ", "LINQ\LINQ.csproj", "{6248191E-F863-4877-BB31-8A5E7B1D20EB}"
EndProject
Project("{FAE04EC0-301F-11D3-BF4B-00C04F79EFBC}") = "Async", "Async\Async.csproj", "{6356179A-2CDA-4B25-8B89-D02D199E93DB}"
EndProject
Project("{FAE04EC0-301F-11D3-BF4B-00C04F79EFBC}") = "Partial", "Partial\Partial.csproj", "{6B3F52FE-F85D-42D1-AC2B-C5845CFFCD56}"
EndProject
Global
	GlobalSection(SolutionConfigurationPlatforms) = preSolution
		Debug|Any CPU = Debug|Any CPU
		Release|Any CPU = Release|Any CPU
	EndGlobalSection
	GlobalSection(ProjectConfigurationPlatforms) = postSolution
		{74745870-5E76-4B4C-A2EA-579EEA6411E4}.Debug|Any CPU.ActiveCfg = Debug|Any CPU
		{74745870-5E76-4B4C-A2EA-579EEA6411E4}.Debug|Any CPU.Build.0 = Debug|Any CPU
		{74745870-5E76-4B4C-A2EA-579EEA6411E4}.Release|Any CPU.ActiveCfg = Release|Any CPU
		{74745870-5E76-4B4C-A2EA-579EEA6411E4}.Release|Any CPU.Build.0 = Release|Any CPU
		{2C0DA896-5444-4333-9F0E-E7D7EC4E0E61}.Debug|Any CPU.ActiveCfg = Debug|Any CPU
		{2C0DA896-5444-4333-9F0E-E7D7EC4E0E61}.Debug|Any CPU.Build.0 = Debug|Any CPU
		{2C0DA896-5444-4333-9F0E-E7D7EC4E0E61}.Release|Any CPU.ActiveCfg = Release|Any CPU
		{2C0DA896-5444-4333-9F0E-E7D7EC4E0E61}.Release|Any CPU.Build.0 = Release|Any CPU
		{B81A2855-87B4-4304-8BE0-920AE5DD7A28}.Debug|Any CPU.ActiveCfg = Debug|Any CPU
		{B81A2855-87B4-4304-8BE0-920AE5DD7A28}.Debug|Any CPU.Build.0 = Debug|Any CPU
		{B81A2855-87B4-4304-8BE0-920AE5DD7A28}.Release|Any CPU.ActiveCfg = Release|Any CPU
		{B81A2855-87B4-4304-8BE0-920AE5DD7A28}.Release|Any CPU.Build.0 = Release|Any CPU
		{C7C37BD1-94A7-4770-A51E-147D65BAAA19}.Debug|Any CPU.ActiveCfg = Debug|Any CPU
		{C7C37BD1-94A7-4770-A51E-147D65BAAA19}.Debug|Any CPU.Build.0 = Debug|Any CPU
		{C7C37BD1-94A7-4770-A51E-147D65BAAA19}.Release|Any CPU.ActiveCfg = Release|Any CPU
		{C7C37BD1-94A7-4770-A51E-147D65BAAA19}.Release|Any CPU.Build.0 = Release|Any CPU
		{8325093F-932D-415C-BA75-76966B5AE758}.Debug|Any CPU.ActiveCfg = Debug|Any CPU
		{8325093F-932D-415C-BA75-76966B5AE758}.Debug|Any CPU.Build.0 = Debug|Any CPU
		{8325093F-932D-415C-BA75-76966B5AE758}.Release|Any CPU.ActiveCfg = Release|Any CPU
		{8325093F-932D-415C-BA75-76966B5AE758}.Release|Any CPU.Build.0 = Release|Any CPU
		{6248191E-F863-4877-BB31-8A5E7B1D20EB}.Debug|Any CPU.ActiveCfg = Debug|Any CPU
		{6248191E-F863-4877-BB31-8A5E7B1D20EB}.Debug|Any CPU.Build.0 = Debug|Any CPU
		{6248191E-F863-4877-BB31-8A5E7B1D20EB}.Release|Any CPU.ActiveCfg = Release|Any CPU
		{6248191E-F863-4877-BB31-8A5E7B1D20EB}.Release|Any CPU.Build.0 = Release|Any CPU
		{6356179A-2CDA-4B25-8B89-D02D199E93DB}.Debug|Any CPU.ActiveCfg = Debug|Any CPU
		{6356179A-2CDA-4B25-8B89-D02D199E93DB}.Debug|Any CPU.Build.0 = Debug|Any CPU
		{6356179A-2CDA-4B25-8B89-D02D199E93DB}.Release|Any CPU.ActiveCfg = Release|Any CPU
		{6356179A-2CDA-4B25-8B89-D02D199E93DB}.Release|Any CPU.Build.0 = Release|Any CPU
		{6B3F52FE-F85D-42D1-AC2B-C5845CFFCD56}.Debug|Any CPU.ActiveCfg = Debug|Any CPU
		{6B3F52FE-F85D-42D1-AC2B-C5845CFFCD56}.Debug|Any CPU.Build.0 = Debug|Any CPU
		{6B3F52FE-F85D-42D1-AC2B-C5845CFFCD56}.Release|Any CPU.ActiveCfg = Release|Any CPU
		{6B3F52FE-F85D-42D1-AC2B-C5845CFFCD56}.Release|Any CPU.Build.0 = Release|Any CPU
	EndGlobalSection
	GlobalSection(SolutionProperties) = preSolution
		HideSolutionNode = FALSE
	EndGlobalSection
	GlobalSection(ExtensibilityGlobals) = postSolution
		SolutionGuid = {20A1DBBB-DFE4-428D-B0E2-4D707D7FC6F1}
	EndGlobalSection
EndGlobal
